
Microsoft Visual Studio Solution File, Format Version 12.00
# Visual Studio 15
VisualStudioVersion = 15.0.28010.2003
MinimumVisualStudioVersion = 10.0.40219.1
Project("{9A19103F-16F7-4668-BE54-9A1E7A4F7556}") = "SpreadShare", "SpreadShare\SpreadShare.csproj", "{01352817-EBA4-4FCB-99ED-CBA191B68BEC}"
EndProject
Project("{E53339B2-1760-4266-BCC7-CA923CBCF16C}") = "docker-compose", "docker-compose.dcproj", "{97112C31-65BE-4545-B75D-0EFAC2199299}"
EndProject
Project("{9A19103F-16F7-4668-BE54-9A1E7A4F7556}") = "Tests", "SpreadShare.Tests\SpreadShare.Tests.csproj", "{EFCA8627-3068-4342-A09E-F7609F0098D5}"
EndProject
Project("{FAE04EC0-301F-11D3-BF4B-00C04F79EFBC}") = "SpreadShare.Verify", "SpreadShare.Verify\SpreadShare.Verify.csproj", "{E1FB8073-2D40-41B5-85BB-6E9D834D0A33}"
EndProject
Global
	GlobalSection(SolutionConfigurationPlatforms) = preSolution
		Debug|Any CPU = Debug|Any CPU
		Release|Any CPU = Release|Any CPU
	EndGlobalSection
	GlobalSection(ProjectConfigurationPlatforms) = postSolution
		{01352817-EBA4-4FCB-99ED-CBA191B68BEC}.Debug|Any CPU.ActiveCfg = Debug|Any CPU
		{01352817-EBA4-4FCB-99ED-CBA191B68BEC}.Debug|Any CPU.Build.0 = Debug|Any CPU
		{01352817-EBA4-4FCB-99ED-CBA191B68BEC}.Release|Any CPU.ActiveCfg = Release|Any CPU
		{01352817-EBA4-4FCB-99ED-CBA191B68BEC}.Release|Any CPU.Build.0 = Release|Any CPU
		{97112C31-65BE-4545-B75D-0EFAC2199299}.Debug|Any CPU.ActiveCfg = Debug|Any CPU
		{97112C31-65BE-4545-B75D-0EFAC2199299}.Debug|Any CPU.Build.0 = Debug|Any CPU
		{97112C31-65BE-4545-B75D-0EFAC2199299}.Release|Any CPU.ActiveCfg = Release|Any CPU
		{97112C31-65BE-4545-B75D-0EFAC2199299}.Release|Any CPU.Build.0 = Release|Any CPU
		{EFCA8627-3068-4342-A09E-F7609F0098D5}.Debug|Any CPU.ActiveCfg = Debug|Any CPU
		{EFCA8627-3068-4342-A09E-F7609F0098D5}.Debug|Any CPU.Build.0 = Debug|Any CPU
		{EFCA8627-3068-4342-A09E-F7609F0098D5}.Release|Any CPU.ActiveCfg = Release|Any CPU
		{EFCA8627-3068-4342-A09E-F7609F0098D5}.Release|Any CPU.Build.0 = Release|Any CPU
		{E1FB8073-2D40-41B5-85BB-6E9D834D0A33}.Debug|Any CPU.ActiveCfg = Debug|Any CPU
		{E1FB8073-2D40-41B5-85BB-6E9D834D0A33}.Debug|Any CPU.Build.0 = Debug|Any CPU
		{E1FB8073-2D40-41B5-85BB-6E9D834D0A33}.Release|Any CPU.ActiveCfg = Release|Any CPU
		{E1FB8073-2D40-41B5-85BB-6E9D834D0A33}.Release|Any CPU.Build.0 = Release|Any CPU
	EndGlobalSection
	GlobalSection(SolutionProperties) = preSolution
		HideSolutionNode = FALSE
	EndGlobalSection
	GlobalSection(ExtensibilityGlobals) = postSolution
		SolutionGuid = {0DF25AB0-155E-4243-81BF-6C158F18ABE4}
	EndGlobalSection
EndGlobal
